{
  "name": "cursor_test",
  "version": "1.0.0",
  "lockfileVersion": 3,
  "requires": true,
  "packages": {
    "": {
      "name": "cursor_test",
      "version": "1.0.0",
      "dependencies": {
        "@playwright/mcp": "latest"
      }
    },
    "node_modules/@playwright/mcp": {
      "version": "0.0.52",
      "resolved": "https://registry.npmjs.org/@playwright/mcp/-/mcp-0.0.52.tgz",
      "integrity": "sha512-QS32pUWEkAh649iSLMqZ42xaRJlDl4vpzJHG4lq3hYTK9ANruUE/d8E2JIBZPlifSm/cnvCGVY9Bh7mUXumbXw==",
      "dependencies": {
        "playwright": "1.58.0-alpha-2025-12-11",
        "playwright-core": "1.58.0-alpha-2025-12-11"
      },
      "bin": {
        "mcp-server-playwright": "cli.js"
      },
      "engines": {
        "node": ">=18"
      }
    },
    "node_modules/fsevents": {
      "version": "2.3.2",
      "resolved": "https://registry.npmjs.org/fsevents/-/fsevents-2.3.2.tgz",
      "integrity": "sha512-xiqMQR4xAeHTuB9uWm+fFRcIOgKBMiOBP+eXiyT7jsgVCq1bkVygt00oASowB7EdtpOHaaPgKt812P9ab+DDKA==",
      "hasInstallScript": true,
      "optional": true,
      "os": [
        "darwin"
      ],
      "engines": {
        "node": "^8.16.0 || ^10.6.0 || >=11.0.0"
      }
    },
    "node_modules/playwright": {
      "version": "1.58.0-alpha-2025-12-11",
      "resolved": "https://registry.npmjs.org/playwright/-/playwright-1.58.0-alpha-2025-12-11.tgz",
      "integrity": "sha512-wNAnyMpt4VZCy9wryVXphHfHgpoD2LRO/h4Bl8GDuvzIpvx6uU/TkRmC5/91feROZ1ng1tTjY6oTVdqIKt7uGQ==",
      "dependencies": {
        "playwright-core": "1.58.0-alpha-2025-12-11"
      },
      "bin": {
        "playwright": "cli.js"
      },
      "engines": {
        "node": ">=18"
      },
      "optionalDependencies": {
        "fsevents": "2.3.2"
      }
    },
    "node_modules/playwright-core": {
      "version": "1.58.0-alpha-2025-12-11",
      "resolved": "https://registry.npmjs.org/playwright-core/-/playwright-core-1.58.0-alpha-2025-12-11.tgz",
      "integrity": "sha512-8c8vO4BMIGmEac13g4hxzWNCP/pGdRLhysUvcANU0uxH5UcN/DeFQ5RP+6NIK732u/KpLjCqI27TWdr1xgKb3A==",
      "bin": {
        "playwright-core": "cli.js"
      },
      "engines": {
        "node": ">=18"
      }
    }
  }
}
